
Microsoft Visual Studio Solution File, Format Version 12.00
# Visual Studio Version 16
VisualStudioVersion = 16.0.29403.142
MinimumVisualStudioVersion = 10.0.40219.1
Project("{FAE04EC0-301F-11D3-BF4B-00C04F79EFBC}") = "Control_to_Web_Forms", "Control_to_Web_Forms\Control_to_Web_Forms.csproj", "{53DDA4A1-26F5-44B6-844F-25670E5FA961}"
EndProject
Global
	GlobalSection(SolutionConfigurationPlatforms) = preSolution
		Debug|Any CPU = Debug|Any CPU
		Release|Any CPU = Release|Any CPU
	EndGlobalSection
	GlobalSection(ProjectConfigurationPlatforms) = postSolution
		{53DDA4A1-26F5-44B6-844F-25670E5FA961}.Debug|Any CPU.ActiveCfg = Debug|Any CPU
		{53DDA4A1-26F5-44B6-844F-25670E5FA961}.Debug|Any CPU.Build.0 = Debug|Any CPU
		{53DDA4A1-26F5-44B6-844F-25670E5FA961}.Release|Any CPU.ActiveCfg = Release|Any CPU
		{53DDA4A1-26F5-44B6-844F-25670E5FA961}.Release|Any CPU.Build.0 = Release|Any CPU
	EndGlobalSection
	GlobalSection(SolutionProperties) = preSolution
		HideSolutionNode = FALSE
	EndGlobalSection
	GlobalSection(ExtensibilityGlobals) = postSolution
		SolutionGuid = {6550807F-855A-49FC-8B79-2C04FC83447C}
	EndGlobalSection
EndGlobal
